
Microsoft Visual Studio Solution File, Format Version 12.00
# Visual Studio Version 16
VisualStudioVersion = 16.0.30709.64
MinimumVisualStudioVersion = 15.0.26124.0
Project("{9A19103F-16F7-4668-BE54-9A1E7A4F7556}") = "SportsStore", "SportsStore\SportsStore.csproj", "{DB144730-50B3-4104-9EEE-10D8067DF8B0}"
EndProject
Project("{9A19103F-16F7-4668-BE54-9A1E7A4F7556}") = "SportsStore.Tests", "SportsStore.Tests\SportsStore.Tests.csproj", "{AEFA2D0A-2699-4F03-9AA1-73946DBC0267}"
EndProject
Global
	GlobalSection(SolutionConfigurationPlatforms) = preSolution
		Debug|Any CPU = Debug|Any CPU
		Debug|x64 = Debug|x64
		Debug|x86 = Debug|x86
		Release|Any CPU = Release|Any CPU
		Release|x64 = Release|x64
		Release|x86 = Release|x86
	EndGlobalSection
	GlobalSection(ProjectConfigurationPlatforms) = postSolution
		{DB144730-50B3-4104-9EEE-10D8067DF8B0}.Debug|Any CPU.ActiveCfg = Debug|Any CPU
		{DB144730-50B3-4104-9EEE-10D8067DF8B0}.Debug|Any CPU.Build.0 = Debug|Any CPU
		{DB144730-50B3-4104-9EEE-10D8067DF8B0}.Debug|x64.ActiveCfg = Debug|Any CPU
		{DB144730-50B3-4104-9EEE-10D8067DF8B0}.Debug|x64.Build.0 = Debug|Any CPU
		{DB144730-50B3-4104-9EEE-10D8067DF8B0}.Debug|x86.ActiveCfg = Debug|Any CPU
		{DB144730-50B3-4104-9EEE-10D8067DF8B0}.Debug|x86.Build.0 = Debug|Any CPU
		{DB144730-50B3-4104-9EEE-10D8067DF8B0}.Release|Any CPU.ActiveCfg = Release|Any CPU
		{DB144730-50B3-4104-9EEE-10D8067DF8B0}.Release|Any CPU.Build.0 = Release|Any CPU
		{DB144730-50B3-4104-9EEE-10D8067DF8B0}.Release|x64.ActiveCfg = Release|Any CPU
		{DB144730-50B3-4104-9EEE-10D8067DF8B0}.Release|x64.Build.0 = Release|Any CPU
		{DB144730-50B3-4104-9EEE-10D8067DF8B0}.Release|x86.ActiveCfg = Release|Any CPU
		{DB144730-50B3-4104-9EEE-10D8067DF8B0}.Release|x86.Build.0 = Release|Any CPU
		{AEFA2D0A-2699-4F03-9AA1-73946DBC0267}.Debug|Any CPU.ActiveCfg = Debug|Any CPU
		{AEFA2D0A-2699-4F03-9AA1-73946DBC0267}.Debug|Any CPU.Build.0 = Debug|Any CPU
		{AEFA2D0A-2699-4F03-9AA1-73946DBC0267}.Debug|x64.ActiveCfg = Debug|Any CPU
		{AEFA2D0A-2699-4F03-9AA1-73946DBC0267}.Debug|x64.Build.0 = Debug|Any CPU
		{AEFA2D0A-2699-4F03-9AA1-73946DBC0267}.Debug|x86.ActiveCfg = Debug|Any CPU
		{AEFA2D0A-2699-4F03-9AA1-73946DBC0267}.Debug|x86.Build.0 = Debug|Any CPU
		{AEFA2D0A-2699-4F03-9AA1-73946DBC0267}.Release|Any CPU.ActiveCfg = Release|Any CPU
		{AEFA2D0A-2699-4F03-9AA1-73946DBC0267}.Release|Any CPU.Build.0 = Release|Any CPU
		{AEFA2D0A-2699-4F03-9AA1-73946DBC0267}.Release|x64.ActiveCfg = Release|Any CPU
		{AEFA2D0A-2699-4F03-9AA1-73946DBC0267}.Release|x64.Build.0 = Release|Any CPU
		{AEFA2D0A-2699-4F03-9AA1-73946DBC0267}.Release|x86.ActiveCfg = Release|Any CPU
		{AEFA2D0A-2699-4F03-9AA1-73946DBC0267}.Release|x86.Build.0 = Release|Any CPU
	EndGlobalSection
	GlobalSection(SolutionProperties) = preSolution
		HideSolutionNode = FALSE
	EndGlobalSection
	GlobalSection(ExtensibilityGlobals) = postSolution
		SolutionGuid = {BB1ADD0F-2CA9-4364-9796-A290510902FC}
	EndGlobalSection
EndGlobal
